<?xml version="1.0" encoding="utf-8"?>
<Project ToolsVersion="4.0" xmlns="http://schemas.microsoft.com/developer/msbuild/2003">
  <ItemGroup>
    <ClCompile Include="two_phase.cpp" />
    <ClCompile Include="one_phase.cpp" />
    <ClCompile Include="tables.cpp" />
  </ItemGroup>
  <ItemGroup>
    <ClInclude Include="solvers.h" />
    <ClInclude Include="neighbours.h" />
    <ClInclude Include="two_phase.h" />
    <ClInclude Include="brute_force.h" />
    <ClInclude Include="one_phase.h" />
    <ClInclude Include="tables.h" />
  </ItemGroup>
</Project>