
Microsoft Visual Studio Solution File, Format Version 12.00
# Visual Studio Version 17
VisualStudioVersion = 17.11.35312.102
MinimumVisualStudioVersion = 10.0.40219.1
Project("{8BC9CEB8-8B4A-11D0-8D11-00A0C91BC942}") = "App1", "App1\App1.vcxproj", "{56A58023-6579-45B2-8A30-A54288537605}"
EndProject
Project("{2150E333-8FDC-42A3-9474-1A3956D46DE8}") = "apps", "apps", "{7B793FB1-6447-422F-9955-5A7112CFC87B}"
EndProject
Project("{2150E333-8FDC-42A3-9474-1A3956D46DE8}") = "libs", "libs", "{9BFCD8E5-001E-47A1-8CC8-FDF5B89F3AD9}"
EndProject
Project("{8BC9CEB8-8B4A-11D0-8D11-00A0C91BC942}") = "SolverCube2x2", "SolverCube2x2\SolverCube2x2.vcxproj", "{05F54A86-A6EF-4627-9C40-97F27F075844}"
EndProject
Project("{8BC9CEB8-8B4A-11D0-8D11-00A0C91BC942}") = "Math", "Math\Math.vcxproj", "{20990321-45A3-4A54-8362-F3F973E10425}"
EndProject
Project("{2150E333-8FDC-42A3-9474-1A3956D46DE8}") = "Math", "Math", "{D3BC36BB-267B-41BB-B79D-B30B649805EE}"
EndProject
Project("{8BC9CEB8-8B4A-11D0-8D11-00A0C91BC942}") = "MathTest", "MathTest\MathTest.vcxproj", "{0284F1AD-5083-450B-9A03-59AB988F3783}"
EndProject
Project("{8BC9CEB8-8B4A-11D0-8D11-00A0C91BC942}") = "SolverCube3x3", "SolverCube3x3\SolverCube3x3.vcxproj", "{BF4F3813-5269-49E6-AB58-47C88F0E5D8E}"
EndProject
Project("{8BC9CEB8-8B4A-11D0-8D11-00A0C91BC942}") = "Cube", "Cube\Cube.vcxproj", "{E03BB4D4-689F-4B20-BE17-7E453BC92576}"
EndProject
Project("{2150E333-8FDC-42A3-9474-1A3956D46DE8}") = "Cube", "Cube", "{8FAD4114-2A81-4BAB-B0AB-F2CF095F4EAB}"
EndProject
Project("{8BC9CEB8-8B4A-11D0-8D11-00A0C91BC942}") = "CubeTest", "CubeTest\CubeTest.vcxproj", "{FA1FAA3E-CC6F-4670-8CBC-8123D29A8BD2}"
EndProject
Project("{8BC9CEB8-8B4A-11D0-8D11-00A0C91BC942}") = "CubeBenchmark", "CubeBenchmark\CubeBenchmark.vcxproj", "{D7649CEF-B414-471B-A579-4F99B272FD56}"
EndProject
Project("{8BC9CEB8-8B4A-11D0-8D11-00A0C91BC942}") = "Solvers", "Solvers\Solvers.vcxproj", "{954B9D15-D42D-4A2D-99F1-E42025183E67}"
EndProject
Project("{2150E333-8FDC-42A3-9474-1A3956D46DE8}") = "Solvers", "Solvers", "{0610ACE6-017C-4A0D-9EC9-A642E8031E9A}"
EndProject
Project("{8BC9CEB8-8B4A-11D0-8D11-00A0C91BC942}") = "SolversTest", "SolversTest\SolversTest.vcxproj", "{C88527AC-FE95-4C58-872E-9ECB94C9B99A}"
EndProject
Project("{8BC9CEB8-8B4A-11D0-8D11-00A0C91BC942}") = "SolversBenchmark", "SolversBenchmark\SolversBenchmark.vcxproj", "{D7B873C7-DAE9-4177-9E4C-B7D489381F29}"
EndProject
Global
	GlobalSection(SolutionConfigurationPlatforms) = preSolution
		Debug|x64 = Debug|x64
		Release|x64 = Release|x64
	EndGlobalSection
	GlobalSection(ProjectConfigurationPlatforms) = postSolution
		{56A58023-6579-45B2-8A30-A54288537605}.Debug|x64.ActiveCfg = Debug|x64
		{56A58023-6579-45B2-8A30-A54288537605}.Debug|x64.Build.0 = Debug|x64
		{56A58023-6579-45B2-8A30-A54288537605}.Debug|x86.ActiveCfg = Debug|x64
		{56A58023-6579-45B2-8A30-A54288537605}.Release|x64.ActiveCfg = Release|x64
		{56A58023-6579-45B2-8A30-A54288537605}.Release|x64.Build.0 = Release|x64
		{56A58023-6579-45B2-8A30-A54288537605}.Release|x86.ActiveCfg = Release|x64
		{8E13BC6B-4C6B-4574-BB36-7CDF513AA2DE}.Debug|x64.ActiveCfg = Debug|x64
		{8E13BC6B-4C6B-4574-BB36-7CDF513AA2DE}.Debug|x64.Build.0 = Debug|x64
		{8E13BC6B-4C6B-4574-BB36-7CDF513AA2DE}.Debug|x86.ActiveCfg = Debug|x64
		{8E13BC6B-4C6B-4574-BB36-7CDF513AA2DE}.Release|x64.ActiveCfg = Release|x64
		{8E13BC6B-4C6B-4574-BB36-7CDF513AA2DE}.Release|x64.Build.0 = Release|x64
		{8E13BC6B-4C6B-4574-BB36-7CDF513AA2DE}.Release|x86.ActiveCfg = Release|x64
		{B5658DF0-D069-4789-A739-D1909F9D8A43}.Debug|x64.ActiveCfg = Debug|x64
		{B5658DF0-D069-4789-A739-D1909F9D8A43}.Debug|x64.Build.0 = Debug|x64
		{B5658DF0-D069-4789-A739-D1909F9D8A43}.Debug|x86.ActiveCfg = Debug|x64
		{B5658DF0-D069-4789-A739-D1909F9D8A43}.Release|x64.ActiveCfg = Release|x64
		{B5658DF0-D069-4789-A739-D1909F9D8A43}.Release|x64.Build.0 = Release|x64
		{B5658DF0-D069-4789-A739-D1909F9D8A43}.Release|x86.ActiveCfg = Release|x64
		{05F54A86-A6EF-4627-9C40-97F27F075844}.Debug|x64.ActiveCfg = Debug|x64
		{05F54A86-A6EF-4627-9C40-97F27F075844}.Debug|x64.Build.0 = Debug|x64
		{05F54A86-A6EF-4627-9C40-97F27F075844}.Debug|x86.ActiveCfg = Debug|x64
		{05F54A86-A6EF-4627-9C40-97F27F075844}.Release|x64.ActiveCfg = Release|x64
		{05F54A86-A6EF-4627-9C40-97F27F075844}.Release|x64.Build.0 = Release|x64
		{05F54A86-A6EF-4627-9C40-97F27F075844}.Release|x86.ActiveCfg = Release|x64
		{20990321-45A3-4A54-8362-F3F973E10425}.Debug|x64.ActiveCfg = Debug|x64
		{20990321-45A3-4A54-8362-F3F973E10425}.Debug|x64.Build.0 = Debug|x64
		{20990321-45A3-4A54-8362-F3F973E10425}.Debug|x86.ActiveCfg = Debug|x64
		{20990321-45A3-4A54-8362-F3F973E10425}.Release|x64.ActiveCfg = Release|x64
		{20990321-45A3-4A54-8362-F3F973E10425}.Release|x64.Build.0 = Release|x64
		{20990321-45A3-4A54-8362-F3F973E10425}.Release|x86.ActiveCfg = Release|x64
		{0284F1AD-5083-450B-9A03-59AB988F3783}.Debug|x64.ActiveCfg = Debug|x64
		{0284F1AD-5083-450B-9A03-59AB988F3783}.Debug|x64.Build.0 = Debug|x64
		{0284F1AD-5083-450B-9A03-59AB988F3783}.Debug|x86.ActiveCfg = Debug|x64
		{0284F1AD-5083-450B-9A03-59AB988F3783}.Release|x64.ActiveCfg = Release|x64
		{0284F1AD-5083-450B-9A03-59AB988F3783}.Release|x64.Build.0 = Release|x64
		{0284F1AD-5083-450B-9A03-59AB988F3783}.Release|x86.ActiveCfg = Release|x64
		{BF4F3813-5269-49E6-AB58-47C88F0E5D8E}.Debug|x64.ActiveCfg = Debug|x64
		{BF4F3813-5269-49E6-AB58-47C88F0E5D8E}.Debug|x64.Build.0 = Debug|x64
		{BF4F3813-5269-49E6-AB58-47C88F0E5D8E}.Debug|x86.ActiveCfg = Debug|x64
		{BF4F3813-5269-49E6-AB58-47C88F0E5D8E}.Release|x64.ActiveCfg = Release|x64
		{BF4F3813-5269-49E6-AB58-47C88F0E5D8E}.Release|x64.Build.0 = Release|x64
		{BF4F3813-5269-49E6-AB58-47C88F0E5D8E}.Release|x86.ActiveCfg = Release|x64
		{E03BB4D4-689F-4B20-BE17-7E453BC92576}.Debug|x64.ActiveCfg = Debug|x64
		{E03BB4D4-689F-4B20-BE17-7E453BC92576}.Debug|x64.Build.0 = Debug|x64
		{E03BB4D4-689F-4B20-BE17-7E453BC92576}.Debug|x86.ActiveCfg = Debug|x64
		{E03BB4D4-689F-4B20-BE17-7E453BC92576}.Release|x64.ActiveCfg = Release|x64
		{E03BB4D4-689F-4B20-BE17-7E453BC92576}.Release|x64.Build.0 = Release|x64
		{E03BB4D4-689F-4B20-BE17-7E453BC92576}.Release|x86.ActiveCfg = Release|x64
		{FA1FAA3E-CC6F-4670-8CBC-8123D29A8BD2}.Debug|x64.ActiveCfg = Debug|x64
		{FA1FAA3E-CC6F-4670-8CBC-8123D29A8BD2}.Debug|x64.Build.0 = Debug|x64
		{FA1FAA3E-CC6F-4670-8CBC-8123D29A8BD2}.Debug|x86.ActiveCfg = Debug|x64
		{FA1FAA3E-CC6F-4670-8CBC-8123D29A8BD2}.Release|x64.ActiveCfg = Release|x64
		{FA1FAA3E-CC6F-4670-8CBC-8123D29A8BD2}.Release|x64.Build.0 = Release|x64
		{FA1FAA3E-CC6F-4670-8CBC-8123D29A8BD2}.Release|x86.ActiveCfg = Release|x64
		{D7649CEF-B414-471B-A579-4F99B272FD56}.Debug|x64.ActiveCfg = Debug|x64
		{D7649CEF-B414-471B-A579-4F99B272FD56}.Debug|x64.Build.0 = Debug|x64
		{D7649CEF-B414-471B-A579-4F99B272FD56}.Debug|x86.ActiveCfg = Debug|x64
		{D7649CEF-B414-471B-A579-4F99B272FD56}.Release|x64.ActiveCfg = Release|x64
		{D7649CEF-B414-471B-A579-4F99B272FD56}.Release|x64.Build.0 = Release|x64
		{D7649CEF-B414-471B-A579-4F99B272FD56}.Release|x86.ActiveCfg = Release|x64
		{954B9D15-D42D-4A2D-99F1-E42025183E67}.Debug|x64.ActiveCfg = Debug|x64
		{954B9D15-D42D-4A2D-99F1-E42025183E67}.Debug|x64.Build.0 = Debug|x64
		{954B9D15-D42D-4A2D-99F1-E42025183E67}.Debug|x86.ActiveCfg = Debug|x64
		{954B9D15-D42D-4A2D-99F1-E42025183E67}.Release|x64.ActiveCfg = Release|x64
		{954B9D15-D42D-4A2D-99F1-E42025183E67}.Release|x64.Build.0 = Release|x64
		{954B9D15-D42D-4A2D-99F1-E42025183E67}.Release|x86.ActiveCfg = Release|x64
		{C88527AC-FE95-4C58-872E-9ECB94C9B99A}.Debug|x64.ActiveCfg = Debug|x64
		{C88527AC-FE95-4C58-872E-9ECB94C9B99A}.Debug|x64.Build.0 = Debug|x64
		{C88527AC-FE95-4C58-872E-9ECB94C9B99A}.Debug|x86.ActiveCfg = Debug|x64
		{C88527AC-FE95-4C58-872E-9ECB94C9B99A}.Release|x64.ActiveCfg = Release|x64
		{C88527AC-FE95-4C58-872E-9ECB94C9B99A}.Release|x64.Build.0 = Release|x64
		{C88527AC-FE95-4C58-872E-9ECB94C9B99A}.Release|x86.ActiveCfg = Release|x64
		{D7B873C7-DAE9-4177-9E4C-B7D489381F29}.Debug|x64.ActiveCfg = Debug|x64
		{D7B873C7-DAE9-4177-9E4C-B7D489381F29}.Debug|x64.Build.0 = Debug|x64
		{D7B873C7-DAE9-4177-9E4C-B7D489381F29}.Debug|x86.ActiveCfg = Debug|x64
		{D7B873C7-DAE9-4177-9E4C-B7D489381F29}.Release|x64.ActiveCfg = Release|x64
		{D7B873C7-DAE9-4177-9E4C-B7D489381F29}.Release|x64.Build.0 = Release|x64
		{D7B873C7-DAE9-4177-9E4C-B7D489381F29}.Release|x86.ActiveCfg = Release|x64
	EndGlobalSection
	GlobalSection(SolutionProperties) = preSolution
		HideSolutionNode = FALSE
	EndGlobalSection
	GlobalSection(NestedProjects) = preSolution
		{56A58023-6579-45B2-8A30-A54288537605} = {7B793FB1-6447-422F-9955-5A7112CFC87B}
		{8E13BC6B-4C6B-4574-BB36-7CDF513AA2DE} = {A4EFC094-BB5D-49BE-96B7-C86C1FEE4385}
		{A4EFC094-BB5D-49BE-96B7-C86C1FEE4385} = {9BFCD8E5-001E-47A1-8CC8-FDF5B89F3AD9}
		{B5658DF0-D069-4789-A739-D1909F9D8A43} = {A4EFC094-BB5D-49BE-96B7-C86C1FEE4385}
		{05F54A86-A6EF-4627-9C40-97F27F075844} = {7B793FB1-6447-422F-9955-5A7112CFC87B}
		{20990321-45A3-4A54-8362-F3F973E10425} = {D3BC36BB-267B-41BB-B79D-B30B649805EE}
		{D3BC36BB-267B-41BB-B79D-B30B649805EE} = {9BFCD8E5-001E-47A1-8CC8-FDF5B89F3AD9}
		{0284F1AD-5083-450B-9A03-59AB988F3783} = {D3BC36BB-267B-41BB-B79D-B30B649805EE}
		{BF4F3813-5269-49E6-AB58-47C88F0E5D8E} = {7B793FB1-6447-422F-9955-5A7112CFC87B}
		{E03BB4D4-689F-4B20-BE17-7E453BC92576} = {8FAD4114-2A81-4BAB-B0AB-F2CF095F4EAB}
		{8FAD4114-2A81-4BAB-B0AB-F2CF095F4EAB} = {9BFCD8E5-001E-47A1-8CC8-FDF5B89F3AD9}
		{FA1FAA3E-CC6F-4670-8CBC-8123D29A8BD2} = {8FAD4114-2A81-4BAB-B0AB-F2CF095F4EAB}
		{D7649CEF-B414-471B-A579-4F99B272FD56} = {8FAD4114-2A81-4BAB-B0AB-F2CF095F4EAB}
		{954B9D15-D42D-4A2D-99F1-E42025183E67} = {0610ACE6-017C-4A0D-9EC9-A642E8031E9A}
		{0610ACE6-017C-4A0D-9EC9-A642E8031E9A} = {9BFCD8E5-001E-47A1-8CC8-FDF5B89F3AD9}
		{C88527AC-FE95-4C58-872E-9ECB94C9B99A} = {0610ACE6-017C-4A0D-9EC9-A642E8031E9A}
		{D7B873C7-DAE9-4177-9E4C-B7D489381F29} = {0610ACE6-017C-4A0D-9EC9-A642E8031E9A}
	EndGlobalSection
	GlobalSection(ExtensibilityGlobals) = postSolution
		SolutionGuid = {BAAD9B5D-459C-4ADF-80B3-34A0B38D28A0}
	EndGlobalSection
EndGlobal
